
Microsoft Visual Studio Solution File, Format Version 11.00
# Visual Studio 2010
Project("{FAE04EC0-301F-11D3-BF4B-00C04F79EFBC}") = "OmegleAPITest", "OmegleAPITest\OmegleAPITest.csproj", "{7C670D93-89A9-48C6-811B-958B522A0266}"
EndProject
Project("{FAE04EC0-301F-11D3-BF4B-00C04F79EFBC}") = "dotOmegle", "dotOmegle\dotOmegle.csproj", "{F6404F19-593C-4AAC-8ABF-FD0FB6D975A4}"
EndProject
Project("{FAE04EC0-301F-11D3-BF4B-00C04F79EFBC}") = "CleverOmegle", "CleverOmegle\CleverOmegle.csproj", "{1DC2B5FE-A7DB-492D-A8D3-8299533B2FF6}"
EndProject
Project("{FAE04EC0-301F-11D3-BF4B-00C04F79EFBC}") = "OmegleRickRoll", "OmegleRickRoll\OmegleRickRoll.csproj", "{FA541E76-4F58-4392-8518-EC93A831A013}"
EndProject
Global
	GlobalSection(SubversionScc) = preSolution
		Svn-Managed = True
		Manager = AnkhSVN - Subversion Support for Visual Studio
	EndGlobalSection
	GlobalSection(SolutionConfigurationPlatforms) = preSolution
		Debug|x86 = Debug|x86
		Release|x86 = Release|x86
	EndGlobalSection
	GlobalSection(ProjectConfigurationPlatforms) = postSolution
		{7C670D93-89A9-48C6-811B-958B522A0266}.Debug|x86.ActiveCfg = Debug|x86
		{7C670D93-89A9-48C6-811B-958B522A0266}.Debug|x86.Build.0 = Debug|x86
		{7C670D93-89A9-48C6-811B-958B522A0266}.Release|x86.ActiveCfg = Release|x86
		{7C670D93-89A9-48C6-811B-958B522A0266}.Release|x86.Build.0 = Release|x86
		{F6404F19-593C-4AAC-8ABF-FD0FB6D975A4}.Debug|x86.ActiveCfg = Debug|x86
		{F6404F19-593C-4AAC-8ABF-FD0FB6D975A4}.Debug|x86.Build.0 = Debug|x86
		{F6404F19-593C-4AAC-8ABF-FD0FB6D975A4}.Release|x86.ActiveCfg = Release|x86
		{F6404F19-593C-4AAC-8ABF-FD0FB6D975A4}.Release|x86.Build.0 = Release|x86
		{1DC2B5FE-A7DB-492D-A8D3-8299533B2FF6}.Debug|x86.ActiveCfg = Debug|x86
		{1DC2B5FE-A7DB-492D-A8D3-8299533B2FF6}.Debug|x86.Build.0 = Debug|x86
		{1DC2B5FE-A7DB-492D-A8D3-8299533B2FF6}.Release|x86.ActiveCfg = Release|x86
		{1DC2B5FE-A7DB-492D-A8D3-8299533B2FF6}.Release|x86.Build.0 = Release|x86
		{FA541E76-4F58-4392-8518-EC93A831A013}.Debug|x86.ActiveCfg = Debug|x86
		{FA541E76-4F58-4392-8518-EC93A831A013}.Debug|x86.Build.0 = Debug|x86
		{FA541E76-4F58-4392-8518-EC93A831A013}.Release|x86.ActiveCfg = Release|x86
		{FA541E76-4F58-4392-8518-EC93A831A013}.Release|x86.Build.0 = Release|x86
	EndGlobalSection
	GlobalSection(SolutionProperties) = preSolution
		HideSolutionNode = FALSE
	EndGlobalSection
EndGlobal
